{
    "name": "MOSP",
    "version": "0.11.0",
    "lockfileVersion": 1,
    "requires": true,
    "dependencies": {
        "@fortawesome/fontawesome-free": {
            "version": "5.14.0",
            "resolved": "https://registry.npmjs.org/@fortawesome/fontawesome-free/-/fontawesome-free-5.14.0.tgz",
            "integrity": "sha512-OfdMsF+ZQgdKHP9jUbmDcRrP0eX90XXrsXIdyjLbkmSBzmMXPABB8eobUJtivaupucYaByz6WNe1PI1JuYm3qA=="
        },
        "@json-editor/json-editor": {
            "version": "2.3.0",
            "resolved": "https://registry.npmjs.org/@json-editor/json-editor/-/json-editor-2.3.0.tgz",
            "integrity": "sha512-z+192e48xT74ZAvmd2VbEK11cal/EVRQ5y5C55y3IK9CTpiNIFSPaOe0u8Is1mt1vFOBVpkaCKP6GEdW82yKew=="
        },
        "bootstrap": {
            "version": "4.5.2",
            "resolved": "https://registry.npmjs.org/bootstrap/-/bootstrap-4.5.2.tgz",
            "integrity": "sha512-vlGn0bcySYl/iV+BGA544JkkZP5LB3jsmkeKLFQakCOwCM3AOk7VkldBz4jrzSe+Z0Ezn99NVXa1o45cQY4R6A=="
        },
        "bootstrap-select": {
            "version": "1.13.18",
            "resolved": "https://registry.npmjs.org/bootstrap-select/-/bootstrap-select-1.13.18.tgz",
            "integrity": "sha512-V1IzK4rxBq5FrJtkzSH6RmFLFBsjx50byFbfAf8jYyXROWs7ZpprGjdHeoyq2HSsHyjJhMMwjsQhRoYAfxCGow=="
        },
        "code-prettify": {
            "version": "0.1.0",
            "resolved": "https://registry.npmjs.org/code-prettify/-/code-prettify-0.1.0.tgz",
            "integrity": "sha1-RocMyMGlDQm61TmzOpg9vUqjSx4="
        },
        "codemirror": {
            "version": "5.56.0",
            "resolved": "https://registry.npmjs.org/codemirror/-/codemirror-5.56.0.tgz",
            "integrity": "sha512-MfKVmYgifXjQpLSgpETuih7A7WTTIsxvKfSLGseTY5+qt0E1UD1wblZGM6WLenORo8sgmf+3X+WTe2WF7mufyw=="
        },
        "datatables": {
            "version": "1.10.18",
            "resolved": "https://registry.npmjs.org/datatables/-/datatables-1.10.18.tgz",
            "integrity": "sha512-ntatMgS9NN6UMpwbmO+QkYJuKlVeMA2Mi0Gu/QxyIh+dW7ZjLSDhPT2tWlzjpIWEkDYgieDzS9Nu7bdQCW0sbQ==",
            "requires": {
                "jquery": ">=1.7"
            }
        },
        "datatables.net": {
            "version": "1.10.21",
            "resolved": "https://registry.npmjs.org/datatables.net/-/datatables.net-1.10.21.tgz",
            "integrity": "sha512-/bSZtxmf3GTpYcvEmwZ8q26I1yhSx8qklR2B+s1K8+/51UW/zc2zTYwJMqr/Z+iCYixAc00ildj4g2x0Qamolw==",
            "requires": {
                "jquery": ">=1.7"
            }
        },
        "datatables.net-bs4": {
            "version": "1.10.21",
            "resolved": "https://registry.npmjs.org/datatables.net-bs4/-/datatables.net-bs4-1.10.21.tgz",
            "integrity": "sha512-F9zabYw8ZLXfjvj2S+BdnbkEUsL48bJwWxQFrA47cOXrIvsMhW8nmqPZcIMK4ko3k1i74nbpWLO1t+vueQKoXQ==",
            "requires": {
                "datatables.net": "1.10.21",
                "jquery": ">=1.7"
            }
        },
        "jquery": {
            "version": "3.5.1",
            "resolved": "https://registry.npmjs.org/jquery/-/jquery-3.5.1.tgz",
            "integrity": "sha512-XwIBPqcMn57FxfT+Go5pzySnm4KWkT1Tv7gjrpT1srtf8Weynl6R273VJ5GjkRb51IzMp5nbaPjJXMWeju2MKg=="
        },
        "lodash": {
            "version": "4.17.19",
            "resolved": "https://registry.npmjs.org/lodash/-/lodash-4.17.19.tgz",
            "integrity": "sha512-JNvd8XER9GQX0v2qJgsaN/mzFCNA5BRe/j8JN9d+tWyGLSodKQHKFicdwNYzWwI3wjRnaKPsGj1XkBjx/F96DQ=="
        },
        "moment": {
            "version": "2.27.0",
            "resolved": "https://registry.npmjs.org/moment/-/moment-2.27.0.tgz",
            "integrity": "sha512-al0MUK7cpIcglMv3YF13qSgdAIqxHTO7brRtaz3DlSULbqfazqkc5kEjNrLDOM7fsjshoFIihnU8snrP7zUvhQ=="
        },
        "papaparse": {
            "version": "5.2.0",
            "resolved": "https://registry.npmjs.org/papaparse/-/papaparse-5.2.0.tgz",
            "integrity": "sha512-ylq1wgUSnagU+MKQtNeVqrPhZuMYBvOSL00DHycFTCxownF95gpLAk1HiHdUW77N8yxRq1qHXLdlIPyBSG9NSA=="
        },
        "popper.js": {
            "version": "1.16.1",
            "resolved": "https://registry.npmjs.org/popper.js/-/popper.js-1.16.1.tgz",
            "integrity": "sha512-Wb4p1J4zyFTbM+u6WuO4XstYx4Ky9Cewe4DWrel7B0w6VVICvPwdOpotjzcf6eD8TsckVnIMNONQyPIUFOUbCQ=="
        }
    }
}
