{
    "name": "mosp",
    "version": "0.17.0",
    "lockfileVersion": 3,
    "requires": true,
    "packages": {
        "": {
            "name": "mosp",
            "version": "0.17.0",
            "hasInstallScript": true,
            "license": "AGPL-3.0-or-later",
            "dependencies": {
                "@fortawesome/fontawesome-free": "^6.6.0",
                "@json-editor/json-editor": "^2.15.1",
                "bootstrap": "^5.3.3",
                "bootstrap-select": "^1.13.18",
                "chart.js": "^4.4.3",
                "chartjs-plugin-datalabels": "^2.2.0",
                "code-prettify": "^0.1.0",
                "codemirror": "^6.0.1",
                "datatables": "^1.10.18",
                "datatables.net-bs4": "^2.1.3",
                "jquery": "^3.7.1",
                "lodash": "^4.17.21",
                "moment": "^2.30.1",
                "papaparse": "^5.4.1",
                "popper.js": "^1.16.1"
            },
            "engines": {
                "node": "16.x",
                "npm": "8.3.0"
            }
        },
        "node_modules/@codemirror/autocomplete": {
            "version": "6.16.0",
            "resolved": "https://registry.npmjs.org/@codemirror/autocomplete/-/autocomplete-6.16.0.tgz",
            "integrity": "sha512-P/LeCTtZHRTCU4xQsa89vSKWecYv1ZqwzOd5topheGRf+qtacFgBeIMQi3eL8Kt/BUNvxUWkx+5qP2jlGoARrg==",
            "dependencies": {
                "@codemirror/language": "^6.0.0",
                "@codemirror/state": "^6.0.0",
                "@codemirror/view": "^6.17.0",
                "@lezer/common": "^1.0.0"
            },
            "peerDependencies": {
                "@codemirror/language": "^6.0.0",
                "@codemirror/state": "^6.0.0",
                "@codemirror/view": "^6.0.0",
                "@lezer/common": "^1.0.0"
            }
        },
        "node_modules/@codemirror/commands": {
            "version": "6.3.3",
            "resolved": "https://registry.npmjs.org/@codemirror/commands/-/commands-6.3.3.tgz",
            "integrity": "sha512-dO4hcF0fGT9tu1Pj1D2PvGvxjeGkbC6RGcZw6Qs74TH+Ed1gw98jmUgd2axWvIZEqTeTuFrg1lEB1KV6cK9h1A==",
            "dependencies": {
                "@codemirror/language": "^6.0.0",
                "@codemirror/state": "^6.4.0",
                "@codemirror/view": "^6.0.0",
                "@lezer/common": "^1.1.0"
            }
        },
        "node_modules/@codemirror/language": {
            "version": "6.10.1",
            "resolved": "https://registry.npmjs.org/@codemirror/language/-/language-6.10.1.tgz",
            "integrity": "sha512-5GrXzrhq6k+gL5fjkAwt90nYDmjlzTIJV8THnxNFtNKWotMIlzzN+CpqxqwXOECnUdOndmSeWntVrVcv5axWRQ==",
            "dependencies": {
                "@codemirror/state": "^6.0.0",
                "@codemirror/view": "^6.23.0",
                "@lezer/common": "^1.1.0",
                "@lezer/highlight": "^1.0.0",
                "@lezer/lr": "^1.0.0",
                "style-mod": "^4.0.0"
            }
        },
        "node_modules/@codemirror/lint": {
            "version": "6.5.0",
            "resolved": "https://registry.npmjs.org/@codemirror/lint/-/lint-6.5.0.tgz",
            "integrity": "sha512-+5YyicIaaAZKU8K43IQi8TBy6mF6giGeWAH7N96Z5LC30Wm5JMjqxOYIE9mxwMG1NbhT2mA3l9hA4uuKUM3E5g==",
            "dependencies": {
                "@codemirror/state": "^6.0.0",
                "@codemirror/view": "^6.0.0",
                "crelt": "^1.0.5"
            }
        },
        "node_modules/@codemirror/search": {
            "version": "6.5.6",
            "resolved": "https://registry.npmjs.org/@codemirror/search/-/search-6.5.6.tgz",
            "integrity": "sha512-rpMgcsh7o0GuCDUXKPvww+muLA1pDJaFrpq/CCHtpQJYz8xopu4D1hPcKRoDD0YlF8gZaqTNIRa4VRBWyhyy7Q==",
            "dependencies": {
                "@codemirror/state": "^6.0.0",
                "@codemirror/view": "^6.0.0",
                "crelt": "^1.0.5"
            }
        },
        "node_modules/@codemirror/state": {
            "version": "6.4.1",
            "resolved": "https://registry.npmjs.org/@codemirror/state/-/state-6.4.1.tgz",
            "integrity": "sha512-QkEyUiLhsJoZkbumGZlswmAhA7CBU02Wrz7zvH4SrcifbsqwlXShVXg65f3v/ts57W3dqyamEriMhij1Z3Zz4A=="
        },
        "node_modules/@codemirror/view": {
            "version": "6.26.3",
            "resolved": "https://registry.npmjs.org/@codemirror/view/-/view-6.26.3.tgz",
            "integrity": "sha512-gmqxkPALZjkgSxIeeweY/wGQXBfwTUaLs8h7OKtSwfbj9Ct3L11lD+u1sS7XHppxFQoMDiMDp07P9f3I2jWOHw==",
            "dependencies": {
                "@codemirror/state": "^6.4.0",
                "style-mod": "^4.1.0",
                "w3c-keyname": "^2.2.4"
            }
        },
        "node_modules/@fortawesome/fontawesome-free": {
            "version": "6.6.0",
            "resolved": "https://registry.npmjs.org/@fortawesome/fontawesome-free/-/fontawesome-free-6.6.0.tgz",
            "integrity": "sha512-60G28ke/sXdtS9KZCpZSHHkCbdsOGEhIUGlwq6yhY74UpTiToIh8np7A8yphhM4BWsvNFtIvLpi4co+h9Mr9Ow==",
            "engines": {
                "node": ">=6"
            }
        },
        "node_modules/@json-editor/json-editor": {
            "version": "2.15.1",
            "resolved": "https://registry.npmjs.org/@json-editor/json-editor/-/json-editor-2.15.1.tgz",
            "integrity": "sha512-Z4KFXpL7I9wrKD94c1PcIwFfCvUzYhwM0jH2ihP2OSH8wut0FnqzCfKCL0gdNHG3A2UVsyVJBoU9Iwsc0xB6zQ==",
            "dependencies": {
                "core-js": "^3.27.2"
            },
            "engines": {
                "node": ">= 0.8.0"
            }
        },
        "node_modules/@kurkle/color": {
            "version": "0.3.2",
            "resolved": "https://registry.npmjs.org/@kurkle/color/-/color-0.3.2.tgz",
            "integrity": "sha512-fuscdXJ9G1qb7W8VdHi+IwRqij3lBkosAm4ydQtEmbY58OzHXqQhvlxqEkoz0yssNVn38bcpRWgA9PP+OGoisw=="
        },
        "node_modules/@lezer/common": {
            "version": "1.2.1",
            "resolved": "https://registry.npmjs.org/@lezer/common/-/common-1.2.1.tgz",
            "integrity": "sha512-yemX0ZD2xS/73llMZIK6KplkjIjf2EvAHcinDi/TfJ9hS25G0388+ClHt6/3but0oOxinTcQHJLDXh6w1crzFQ=="
        },
        "node_modules/@lezer/highlight": {
            "version": "1.2.0",
            "resolved": "https://registry.npmjs.org/@lezer/highlight/-/highlight-1.2.0.tgz",
            "integrity": "sha512-WrS5Mw51sGrpqjlh3d4/fOwpEV2Hd3YOkp9DBt4k8XZQcoTHZFB7sx030A6OcahF4J1nDQAa3jXlTVVYH50IFA==",
            "dependencies": {
                "@lezer/common": "^1.0.0"
            }
        },
        "node_modules/@lezer/lr": {
            "version": "1.4.0",
            "resolved": "https://registry.npmjs.org/@lezer/lr/-/lr-1.4.0.tgz",
            "integrity": "sha512-Wst46p51km8gH0ZUmeNrtpRYmdlRHUpN1DQd3GFAyKANi8WVz8c2jHYTf1CVScFaCjQw1iO3ZZdqGDxQPRErTg==",
            "dependencies": {
                "@lezer/common": "^1.0.0"
            }
        },
        "node_modules/@popperjs/core": {
            "version": "2.11.8",
            "resolved": "https://registry.npmjs.org/@popperjs/core/-/core-2.11.8.tgz",
            "integrity": "sha512-P1st0aksCrn9sGZhp8GMYwBnQsbvAWsZAX44oXNNvLHGqAOcoVxmjZiohstwQ7SqKnbR47akdNi+uleWD8+g6A==",
            "peer": true,
            "funding": {
                "type": "opencollective",
                "url": "https://opencollective.com/popperjs"
            }
        },
        "node_modules/bootstrap": {
            "version": "5.3.3",
            "resolved": "https://registry.npmjs.org/bootstrap/-/bootstrap-5.3.3.tgz",
            "integrity": "sha512-8HLCdWgyoMguSO9o+aH+iuZ+aht+mzW0u3HIMzVu7Srrpv7EBBxTnrFlSCskwdY1+EOFQSm7uMJhNQHkdPcmjg==",
            "funding": [
                {
                    "type": "github",
                    "url": "https://github.com/sponsors/twbs"
                },
                {
                    "type": "opencollective",
                    "url": "https://opencollective.com/bootstrap"
                }
            ],
            "peerDependencies": {
                "@popperjs/core": "^2.11.8"
            }
        },
        "node_modules/bootstrap-select": {
            "version": "1.13.18",
            "resolved": "https://registry.npmjs.org/bootstrap-select/-/bootstrap-select-1.13.18.tgz",
            "integrity": "sha512-V1IzK4rxBq5FrJtkzSH6RmFLFBsjx50byFbfAf8jYyXROWs7ZpprGjdHeoyq2HSsHyjJhMMwjsQhRoYAfxCGow==",
            "peerDependencies": {
                "bootstrap": ">=3.0.0",
                "jquery": "1.9.1 - 3"
            }
        },
        "node_modules/chart.js": {
            "version": "4.4.3",
            "resolved": "https://registry.npmjs.org/chart.js/-/chart.js-4.4.3.tgz",
            "integrity": "sha512-qK1gkGSRYcJzqrrzdR6a+I0vQ4/R+SoODXyAjscQ/4mzuNzySaMCd+hyVxitSY1+L2fjPD1Gbn+ibNqRmwQeLw==",
            "dependencies": {
                "@kurkle/color": "^0.3.0"
            },
            "engines": {
                "pnpm": ">=8"
            }
        },
        "node_modules/chartjs-plugin-datalabels": {
            "version": "2.2.0",
            "resolved": "https://registry.npmjs.org/chartjs-plugin-datalabels/-/chartjs-plugin-datalabels-2.2.0.tgz",
            "integrity": "sha512-14ZU30lH7n89oq+A4bWaJPnAG8a7ZTk7dKf48YAzMvJjQtjrgg5Dpk9f+LbjCF6bpx3RAGTeL13IXpKQYyRvlw==",
            "peerDependencies": {
                "chart.js": ">=3.0.0"
            }
        },
        "node_modules/code-prettify": {
            "version": "0.1.0",
            "resolved": "https://registry.npmjs.org/code-prettify/-/code-prettify-0.1.0.tgz",
            "integrity": "sha512-tNOWwXoF3ycqtvLCGPLYds2hKekmZfsPWinbRcLk6BBHBaSf+v+HJOvfg33VfVzYzvQ6zmVq+WO88oKweiJSQg=="
        },
        "node_modules/codemirror": {
            "version": "6.0.1",
            "resolved": "https://registry.npmjs.org/codemirror/-/codemirror-6.0.1.tgz",
            "integrity": "sha512-J8j+nZ+CdWmIeFIGXEFbFPtpiYacFMDR8GlHK3IyHQJMCaVRfGx9NT+Hxivv1ckLWPvNdZqndbr/7lVhrf/Svg==",
            "dependencies": {
                "@codemirror/autocomplete": "^6.0.0",
                "@codemirror/commands": "^6.0.0",
                "@codemirror/language": "^6.0.0",
                "@codemirror/lint": "^6.0.0",
                "@codemirror/search": "^6.0.0",
                "@codemirror/state": "^6.0.0",
                "@codemirror/view": "^6.0.0"
            }
        },
        "node_modules/core-js": {
            "version": "3.36.1",
            "resolved": "https://registry.npmjs.org/core-js/-/core-js-3.36.1.tgz",
            "integrity": "sha512-BTvUrwxVBezj5SZ3f10ImnX2oRByMxql3EimVqMysepbC9EeMUOpLwdy6Eoili2x6E4kf+ZUB5k/+Jv55alPfA==",
            "hasInstallScript": true,
            "funding": {
                "type": "opencollective",
                "url": "https://opencollective.com/core-js"
            }
        },
        "node_modules/crelt": {
            "version": "1.0.6",
            "resolved": "https://registry.npmjs.org/crelt/-/crelt-1.0.6.tgz",
            "integrity": "sha512-VQ2MBenTq1fWZUH9DJNGti7kKv6EeAuYr3cLwxUWhIu1baTaXh4Ib5W2CqHVqib4/MqbYGJqiL3Zb8GJZr3l4g=="
        },
        "node_modules/datatables": {
            "version": "1.10.18",
            "resolved": "https://registry.npmjs.org/datatables/-/datatables-1.10.18.tgz",
            "integrity": "sha512-ntatMgS9NN6UMpwbmO+QkYJuKlVeMA2Mi0Gu/QxyIh+dW7ZjLSDhPT2tWlzjpIWEkDYgieDzS9Nu7bdQCW0sbQ==",
            "dependencies": {
                "jquery": ">=1.7"
            }
        },
        "node_modules/datatables.net": {
            "version": "2.1.3",
            "resolved": "https://registry.npmjs.org/datatables.net/-/datatables.net-2.1.3.tgz",
            "integrity": "sha512-emlF55eF4fhzOUuE+0dEFZCDbuhXqjvdZagW0bLXaU4nDesCWrjYXj0NdtHTKLhVYyfZhTlA8mEDL2Wa64U0ig==",
            "dependencies": {
                "jquery": ">=1.7"
            }
        },
        "node_modules/datatables.net-bs4": {
            "version": "2.1.3",
            "resolved": "https://registry.npmjs.org/datatables.net-bs4/-/datatables.net-bs4-2.1.3.tgz",
            "integrity": "sha512-kt7fRDFXbDjCJAdILyQNmIIeqz3nrlu4AJMCja75YB/MbNobKvdxMV7D9PY2oe7h1EifdUmwahzVKCfh7Unvaw==",
            "dependencies": {
                "datatables.net": "2.1.3",
                "jquery": ">=1.7"
            }
        },
        "node_modules/jquery": {
            "version": "3.7.1",
            "resolved": "https://registry.npmjs.org/jquery/-/jquery-3.7.1.tgz",
            "integrity": "sha512-m4avr8yL8kmFN8psrbFFFmB/If14iN5o9nw/NgnnM+kybDJpRsAynV2BsfpTYrTRysYUdADVD7CkUUizgkpLfg=="
        },
        "node_modules/lodash": {
            "version": "4.17.21",
            "resolved": "https://registry.npmjs.org/lodash/-/lodash-4.17.21.tgz",
            "integrity": "sha512-v2kDEe57lecTulaDIuNTPy3Ry4gLGJ6Z1O3vE1krgXZNrsQ+LFTGHVxVjcXPs17LhbZVGedAJv8XZ1tvj5FvSg=="
        },
        "node_modules/moment": {
            "version": "2.30.1",
            "resolved": "https://registry.npmjs.org/moment/-/moment-2.30.1.tgz",
            "integrity": "sha512-uEmtNhbDOrWPFS+hdjFCBfy9f2YoyzRpwcl+DqpC6taX21FzsTLQVbMV/W7PzNSX6x/bhC1zA3c2UQ5NzH6how==",
            "engines": {
                "node": "*"
            }
        },
        "node_modules/papaparse": {
            "version": "5.4.1",
            "resolved": "https://registry.npmjs.org/papaparse/-/papaparse-5.4.1.tgz",
            "integrity": "sha512-HipMsgJkZu8br23pW15uvo6sib6wne/4woLZPlFf3rpDyMe9ywEXUsuD7+6K9PRkJlVT51j/sCOYDKGGS3ZJrw=="
        },
        "node_modules/popper.js": {
            "version": "1.16.1",
            "resolved": "https://registry.npmjs.org/popper.js/-/popper.js-1.16.1.tgz",
            "integrity": "sha512-Wb4p1J4zyFTbM+u6WuO4XstYx4Ky9Cewe4DWrel7B0w6VVICvPwdOpotjzcf6eD8TsckVnIMNONQyPIUFOUbCQ==",
            "deprecated": "You can find the new Popper v2 at @popperjs/core, this package is dedicated to the legacy v1",
            "funding": {
                "type": "opencollective",
                "url": "https://opencollective.com/popperjs"
            }
        },
        "node_modules/style-mod": {
            "version": "4.1.2",
            "resolved": "https://registry.npmjs.org/style-mod/-/style-mod-4.1.2.tgz",
            "integrity": "sha512-wnD1HyVqpJUI2+eKZ+eo1UwghftP6yuFheBqqe+bWCotBjC2K1YnteJILRMs3SM4V/0dLEW1SC27MWP5y+mwmw=="
        },
        "node_modules/w3c-keyname": {
            "version": "2.2.8",
            "resolved": "https://registry.npmjs.org/w3c-keyname/-/w3c-keyname-2.2.8.tgz",
            "integrity": "sha512-dpojBhNsCNN7T82Tm7k26A6G9ML3NkhDsnw9n/eoxSRlVBB4CEtIQ/KTCLI2Fwf3ataSXRhYFkQi3SlnFwPvPQ=="
        }
    }
}
